
Microsoft Visual Studio Solution File, Format Version 12.00
# Visual Studio 15
VisualStudioVersion = 15.0.26403.7
MinimumVisualStudioVersion = 10.0.40219.1
Project("{FAE04EC0-301F-11D3-BF4B-00C04F79EFBC}") = "Syslaps.Pdv.Core", "Syslaps.Pdv.Core\Syslaps.Pdv.Core.csproj", "{35ED1E0D-3540-4AD1-9CD2-A35A9C850686}"
EndProject
Project("{FAE04EC0-301F-11D3-BF4B-00C04F79EFBC}") = "Syslaps.Pdv.Test", "Syslaps.Pdv.Test\Syslaps.Pdv.Test.csproj", "{7D4C3E18-DDC6-4091-9855-FA0115F8854A}"
EndProject
Project("{FAE04EC0-301F-11D3-BF4B-00C04F79EFBC}") = "Syslaps.Pdv.Entity", "Syslaps.Pdv.Entity\Syslaps.Pdv.Entity.csproj", "{C9719FEA-D2D8-470B-9275-6A15157200A9}"
EndProject
Project("{FAE04EC0-301F-11D3-BF4B-00C04F79EFBC}") = "Syslaps.Pdv.Cross", "Syslaps.Pdv.Cross\Syslaps.Pdv.Cross.csproj", "{2B0958EE-582B-42E5-B3CE-593E5D09154B}"
EndProject
Project("{FAE04EC0-301F-11D3-BF4B-00C04F79EFBC}") = "Syslaps.Pdv.TestPrinter", "Syslaps.Pdv.TestPrinter\Syslaps.Pdv.TestPrinter.csproj", "{CB52B1AE-7B0A-4D9F-BE2A-5391BEDDED91}"
	ProjectSection(ProjectDependencies) = postProject
		{35ED1E0D-3540-4AD1-9CD2-A35A9C850686} = {35ED1E0D-3540-4AD1-9CD2-A35A9C850686}
		{C9719FEA-D2D8-470B-9275-6A15157200A9} = {C9719FEA-D2D8-470B-9275-6A15157200A9}
		{2B0958EE-582B-42E5-B3CE-593E5D09154B} = {2B0958EE-582B-42E5-B3CE-593E5D09154B}
	EndProjectSection
EndProject
Project("{2150E333-8FDC-42A3-9474-1A3956D46DE8}") = "Tests", "Tests", "{EA7644BA-DBCA-4890-91C3-1578519D3907}"
EndProject
Project("{FAE04EC0-301F-11D3-BF4B-00C04F79EFBC}") = "Syslaps.Pdv.Infra", "Syslaps.Pdv.Infra\Syslaps.Pdv.Infra.csproj", "{6DBB7AB1-ED65-4755-97AA-C93E88E6CBC0}"
EndProject
Project("{FAE04EC0-301F-11D3-BF4B-00C04F79EFBC}") = "Syslaps.Pdv.UI", "Syslaps.Pdv.UI\Syslaps.Pdv.UI.csproj", "{48CBAD04-EBAE-470C-88C4-109669D545EF}"
EndProject
Project("{2150E333-8FDC-42A3-9474-1A3956D46DE8}") = "Application", "Application", "{5C59E4AD-B08C-4C57-AB3D-E555346A6B7F}"
EndProject
Global
	GlobalSection(SolutionConfigurationPlatforms) = preSolution
		Debug|Any CPU = Debug|Any CPU
		Debug|ARM = Debug|ARM
		Debug|x64 = Debug|x64
		Debug|x86 = Debug|x86
		Release|Any CPU = Release|Any CPU
		Release|ARM = Release|ARM
		Release|x64 = Release|x64
		Release|x86 = Release|x86
	EndGlobalSection
	GlobalSection(ProjectConfigurationPlatforms) = postSolution
		{35ED1E0D-3540-4AD1-9CD2-A35A9C850686}.Debug|Any CPU.ActiveCfg = Debug|Any CPU
		{35ED1E0D-3540-4AD1-9CD2-A35A9C850686}.Debug|Any CPU.Build.0 = Debug|Any CPU
		{35ED1E0D-3540-4AD1-9CD2-A35A9C850686}.Debug|ARM.ActiveCfg = Debug|Any CPU
		{35ED1E0D-3540-4AD1-9CD2-A35A9C850686}.Debug|ARM.Build.0 = Debug|Any CPU
		{35ED1E0D-3540-4AD1-9CD2-A35A9C850686}.Debug|x64.ActiveCfg = Debug|Any CPU
		{35ED1E0D-3540-4AD1-9CD2-A35A9C850686}.Debug|x64.Build.0 = Debug|Any CPU
		{35ED1E0D-3540-4AD1-9CD2-A35A9C850686}.Debug|x86.ActiveCfg = Debug|Any CPU
		{35ED1E0D-3540-4AD1-9CD2-A35A9C850686}.Debug|x86.Build.0 = Debug|Any CPU
		{35ED1E0D-3540-4AD1-9CD2-A35A9C850686}.Release|Any CPU.ActiveCfg = Release|Any CPU
		{35ED1E0D-3540-4AD1-9CD2-A35A9C850686}.Release|Any CPU.Build.0 = Release|Any CPU
		{35ED1E0D-3540-4AD1-9CD2-A35A9C850686}.Release|ARM.ActiveCfg = Release|Any CPU
		{35ED1E0D-3540-4AD1-9CD2-A35A9C850686}.Release|ARM.Build.0 = Release|Any CPU
		{35ED1E0D-3540-4AD1-9CD2-A35A9C850686}.Release|x64.ActiveCfg = Release|Any CPU
		{35ED1E0D-3540-4AD1-9CD2-A35A9C850686}.Release|x64.Build.0 = Release|Any CPU
		{35ED1E0D-3540-4AD1-9CD2-A35A9C850686}.Release|x86.ActiveCfg = Release|Any CPU
		{35ED1E0D-3540-4AD1-9CD2-A35A9C850686}.Release|x86.Build.0 = Release|Any CPU
		{7D4C3E18-DDC6-4091-9855-FA0115F8854A}.Debug|Any CPU.ActiveCfg = Debug|Any CPU
		{7D4C3E18-DDC6-4091-9855-FA0115F8854A}.Debug|Any CPU.Build.0 = Debug|Any CPU
		{7D4C3E18-DDC6-4091-9855-FA0115F8854A}.Debug|ARM.ActiveCfg = Debug|Any CPU
		{7D4C3E18-DDC6-4091-9855-FA0115F8854A}.Debug|ARM.Build.0 = Debug|Any CPU
		{7D4C3E18-DDC6-4091-9855-FA0115F8854A}.Debug|x64.ActiveCfg = Debug|Any CPU
		{7D4C3E18-DDC6-4091-9855-FA0115F8854A}.Debug|x64.Build.0 = Debug|Any CPU
		{7D4C3E18-DDC6-4091-9855-FA0115F8854A}.Debug|x86.ActiveCfg = Debug|Any CPU
		{7D4C3E18-DDC6-4091-9855-FA0115F8854A}.Debug|x86.Build.0 = Debug|Any CPU
		{7D4C3E18-DDC6-4091-9855-FA0115F8854A}.Release|Any CPU.ActiveCfg = Release|Any CPU
		{7D4C3E18-DDC6-4091-9855-FA0115F8854A}.Release|Any CPU.Build.0 = Release|Any CPU
		{7D4C3E18-DDC6-4091-9855-FA0115F8854A}.Release|ARM.ActiveCfg = Release|Any CPU
		{7D4C3E18-DDC6-4091-9855-FA0115F8854A}.Release|ARM.Build.0 = Release|Any CPU
		{7D4C3E18-DDC6-4091-9855-FA0115F8854A}.Release|x64.ActiveCfg = Release|Any CPU
		{7D4C3E18-DDC6-4091-9855-FA0115F8854A}.Release|x64.Build.0 = Release|Any CPU
		{7D4C3E18-DDC6-4091-9855-FA0115F8854A}.Release|x86.ActiveCfg = Release|Any CPU
		{7D4C3E18-DDC6-4091-9855-FA0115F8854A}.Release|x86.Build.0 = Release|Any CPU
		{C9719FEA-D2D8-470B-9275-6A15157200A9}.Debug|Any CPU.ActiveCfg = Debug|Any CPU
		{C9719FEA-D2D8-470B-9275-6A15157200A9}.Debug|Any CPU.Build.0 = Debug|Any CPU
		{C9719FEA-D2D8-470B-9275-6A15157200A9}.Debug|ARM.ActiveCfg = Debug|Any CPU
		{C9719FEA-D2D8-470B-9275-6A15157200A9}.Debug|ARM.Build.0 = Debug|Any CPU
		{C9719FEA-D2D8-470B-9275-6A15157200A9}.Debug|x64.ActiveCfg = Debug|Any CPU
		{C9719FEA-D2D8-470B-9275-6A15157200A9}.Debug|x64.Build.0 = Debug|Any CPU
		{C9719FEA-D2D8-470B-9275-6A15157200A9}.Debug|x86.ActiveCfg = Debug|Any CPU
		{C9719FEA-D2D8-470B-9275-6A15157200A9}.Debug|x86.Build.0 = Debug|Any CPU
		{C9719FEA-D2D8-470B-9275-6A15157200A9}.Release|Any CPU.ActiveCfg = Release|Any CPU
		{C9719FEA-D2D8-470B-9275-6A15157200A9}.Release|Any CPU.Build.0 = Release|Any CPU
		{C9719FEA-D2D8-470B-9275-6A15157200A9}.Release|ARM.ActiveCfg = Release|Any CPU
		{C9719FEA-D2D8-470B-9275-6A15157200A9}.Release|ARM.Build.0 = Release|Any CPU
		{C9719FEA-D2D8-470B-9275-6A15157200A9}.Release|x64.ActiveCfg = Release|Any CPU
		{C9719FEA-D2D8-470B-9275-6A15157200A9}.Release|x64.Build.0 = Release|Any CPU
		{C9719FEA-D2D8-470B-9275-6A15157200A9}.Release|x86.ActiveCfg = Release|Any CPU
		{C9719FEA-D2D8-470B-9275-6A15157200A9}.Release|x86.Build.0 = Release|Any CPU
		{2B0958EE-582B-42E5-B3CE-593E5D09154B}.Debug|Any CPU.ActiveCfg = Debug|Any CPU
		{2B0958EE-582B-42E5-B3CE-593E5D09154B}.Debug|Any CPU.Build.0 = Debug|Any CPU
		{2B0958EE-582B-42E5-B3CE-593E5D09154B}.Debug|ARM.ActiveCfg = Debug|Any CPU
		{2B0958EE-582B-42E5-B3CE-593E5D09154B}.Debug|ARM.Build.0 = Debug|Any CPU
		{2B0958EE-582B-42E5-B3CE-593E5D09154B}.Debug|x64.ActiveCfg = Debug|Any CPU
		{2B0958EE-582B-42E5-B3CE-593E5D09154B}.Debug|x64.Build.0 = Debug|Any CPU
		{2B0958EE-582B-42E5-B3CE-593E5D09154B}.Debug|x86.ActiveCfg = Debug|Any CPU
		{2B0958EE-582B-42E5-B3CE-593E5D09154B}.Debug|x86.Build.0 = Debug|Any CPU
		{2B0958EE-582B-42E5-B3CE-593E5D09154B}.Release|Any CPU.ActiveCfg = Release|Any CPU
		{2B0958EE-582B-42E5-B3CE-593E5D09154B}.Release|Any CPU.Build.0 = Release|Any CPU
		{2B0958EE-582B-42E5-B3CE-593E5D09154B}.Release|ARM.ActiveCfg = Release|Any CPU
		{2B0958EE-582B-42E5-B3CE-593E5D09154B}.Release|ARM.Build.0 = Release|Any CPU
		{2B0958EE-582B-42E5-B3CE-593E5D09154B}.Release|x64.ActiveCfg = Release|Any CPU
		{2B0958EE-582B-42E5-B3CE-593E5D09154B}.Release|x64.Build.0 = Release|Any CPU
		{2B0958EE-582B-42E5-B3CE-593E5D09154B}.Release|x86.ActiveCfg = Release|Any CPU
		{2B0958EE-582B-42E5-B3CE-593E5D09154B}.Release|x86.Build.0 = Release|Any CPU
		{CB52B1AE-7B0A-4D9F-BE2A-5391BEDDED91}.Debug|Any CPU.ActiveCfg = Debug|Any CPU
		{CB52B1AE-7B0A-4D9F-BE2A-5391BEDDED91}.Debug|Any CPU.Build.0 = Debug|Any CPU
		{CB52B1AE-7B0A-4D9F-BE2A-5391BEDDED91}.Debug|ARM.ActiveCfg = Debug|Any CPU
		{CB52B1AE-7B0A-4D9F-BE2A-5391BEDDED91}.Debug|ARM.Build.0 = Debug|Any CPU
		{CB52B1AE-7B0A-4D9F-BE2A-5391BEDDED91}.Debug|x64.ActiveCfg = Debug|Any CPU
		{CB52B1AE-7B0A-4D9F-BE2A-5391BEDDED91}.Debug|x64.Build.0 = Debug|Any CPU
		{CB52B1AE-7B0A-4D9F-BE2A-5391BEDDED91}.Debug|x86.ActiveCfg = Debug|Any CPU
		{CB52B1AE-7B0A-4D9F-BE2A-5391BEDDED91}.Debug|x86.Build.0 = Debug|Any CPU
		{CB52B1AE-7B0A-4D9F-BE2A-5391BEDDED91}.Release|Any CPU.ActiveCfg = Release|Any CPU
		{CB52B1AE-7B0A-4D9F-BE2A-5391BEDDED91}.Release|Any CPU.Build.0 = Release|Any CPU
		{CB52B1AE-7B0A-4D9F-BE2A-5391BEDDED91}.Release|ARM.ActiveCfg = Release|Any CPU
		{CB52B1AE-7B0A-4D9F-BE2A-5391BEDDED91}.Release|ARM.Build.0 = Release|Any CPU
		{CB52B1AE-7B0A-4D9F-BE2A-5391BEDDED91}.Release|x64.ActiveCfg = Release|Any CPU
		{CB52B1AE-7B0A-4D9F-BE2A-5391BEDDED91}.Release|x64.Build.0 = Release|Any CPU
		{CB52B1AE-7B0A-4D9F-BE2A-5391BEDDED91}.Release|x86.ActiveCfg = Release|Any CPU
		{CB52B1AE-7B0A-4D9F-BE2A-5391BEDDED91}.Release|x86.Build.0 = Release|Any CPU
		{6DBB7AB1-ED65-4755-97AA-C93E88E6CBC0}.Debug|Any CPU.ActiveCfg = Debug|Any CPU
		{6DBB7AB1-ED65-4755-97AA-C93E88E6CBC0}.Debug|Any CPU.Build.0 = Debug|Any CPU
		{6DBB7AB1-ED65-4755-97AA-C93E88E6CBC0}.Debug|ARM.ActiveCfg = Debug|Any CPU
		{6DBB7AB1-ED65-4755-97AA-C93E88E6CBC0}.Debug|ARM.Build.0 = Debug|Any CPU
		{6DBB7AB1-ED65-4755-97AA-C93E88E6CBC0}.Debug|x64.ActiveCfg = Debug|Any CPU
		{6DBB7AB1-ED65-4755-97AA-C93E88E6CBC0}.Debug|x64.Build.0 = Debug|Any CPU
		{6DBB7AB1-ED65-4755-97AA-C93E88E6CBC0}.Debug|x86.ActiveCfg = Debug|Any CPU
		{6DBB7AB1-ED65-4755-97AA-C93E88E6CBC0}.Debug|x86.Build.0 = Debug|Any CPU
		{6DBB7AB1-ED65-4755-97AA-C93E88E6CBC0}.Release|Any CPU.ActiveCfg = Release|Any CPU
		{6DBB7AB1-ED65-4755-97AA-C93E88E6CBC0}.Release|Any CPU.Build.0 = Release|Any CPU
		{6DBB7AB1-ED65-4755-97AA-C93E88E6CBC0}.Release|ARM.ActiveCfg = Release|Any CPU
		{6DBB7AB1-ED65-4755-97AA-C93E88E6CBC0}.Release|ARM.Build.0 = Release|Any CPU
		{6DBB7AB1-ED65-4755-97AA-C93E88E6CBC0}.Release|x64.ActiveCfg = Release|Any CPU
		{6DBB7AB1-ED65-4755-97AA-C93E88E6CBC0}.Release|x64.Build.0 = Release|Any CPU
		{6DBB7AB1-ED65-4755-97AA-C93E88E6CBC0}.Release|x86.ActiveCfg = Release|Any CPU
		{6DBB7AB1-ED65-4755-97AA-C93E88E6CBC0}.Release|x86.Build.0 = Release|Any CPU
		{48CBAD04-EBAE-470C-88C4-109669D545EF}.Debug|Any CPU.ActiveCfg = Debug|Any CPU
		{48CBAD04-EBAE-470C-88C4-109669D545EF}.Debug|Any CPU.Build.0 = Debug|Any CPU
		{48CBAD04-EBAE-470C-88C4-109669D545EF}.Debug|ARM.ActiveCfg = Debug|Any CPU
		{48CBAD04-EBAE-470C-88C4-109669D545EF}.Debug|ARM.Build.0 = Debug|Any CPU
		{48CBAD04-EBAE-470C-88C4-109669D545EF}.Debug|x64.ActiveCfg = Debug|Any CPU
		{48CBAD04-EBAE-470C-88C4-109669D545EF}.Debug|x64.Build.0 = Debug|Any CPU
		{48CBAD04-EBAE-470C-88C4-109669D545EF}.Debug|x86.ActiveCfg = Debug|Any CPU
		{48CBAD04-EBAE-470C-88C4-109669D545EF}.Debug|x86.Build.0 = Debug|Any CPU
		{48CBAD04-EBAE-470C-88C4-109669D545EF}.Release|Any CPU.ActiveCfg = Release|Any CPU
		{48CBAD04-EBAE-470C-88C4-109669D545EF}.Release|Any CPU.Build.0 = Release|Any CPU
		{48CBAD04-EBAE-470C-88C4-109669D545EF}.Release|ARM.ActiveCfg = Release|Any CPU
		{48CBAD04-EBAE-470C-88C4-109669D545EF}.Release|ARM.Build.0 = Release|Any CPU
		{48CBAD04-EBAE-470C-88C4-109669D545EF}.Release|x64.ActiveCfg = Release|Any CPU
		{48CBAD04-EBAE-470C-88C4-109669D545EF}.Release|x64.Build.0 = Release|Any CPU
		{48CBAD04-EBAE-470C-88C4-109669D545EF}.Release|x86.ActiveCfg = Release|Any CPU
		{48CBAD04-EBAE-470C-88C4-109669D545EF}.Release|x86.Build.0 = Release|Any CPU
	EndGlobalSection
	GlobalSection(SolutionProperties) = preSolution
		HideSolutionNode = FALSE
	EndGlobalSection
	GlobalSection(NestedProjects) = preSolution
		{35ED1E0D-3540-4AD1-9CD2-A35A9C850686} = {5C59E4AD-B08C-4C57-AB3D-E555346A6B7F}
		{7D4C3E18-DDC6-4091-9855-FA0115F8854A} = {EA7644BA-DBCA-4890-91C3-1578519D3907}
		{C9719FEA-D2D8-470B-9275-6A15157200A9} = {5C59E4AD-B08C-4C57-AB3D-E555346A6B7F}
		{2B0958EE-582B-42E5-B3CE-593E5D09154B} = {5C59E4AD-B08C-4C57-AB3D-E555346A6B7F}
		{CB52B1AE-7B0A-4D9F-BE2A-5391BEDDED91} = {EA7644BA-DBCA-4890-91C3-1578519D3907}
		{6DBB7AB1-ED65-4755-97AA-C93E88E6CBC0} = {5C59E4AD-B08C-4C57-AB3D-E555346A6B7F}
	EndGlobalSection
EndGlobal
